
Microsoft Visual Studio Solution File, Format Version 12.00
# Visual Studio Version 16
VisualStudioVersion = 16.0.30330.147
MinimumVisualStudioVersion = 10.0.40219.1
Project("{2150E333-8FDC-42A3-9474-1A3956D46DE8}") = "Lib", "Lib", "{A1C929A9-068F-4B2D-89C8-7788E070C84C}"
EndProject
Project("{2150E333-8FDC-42A3-9474-1A3956D46DE8}") = "Dev", "Dev", "{1B109B97-AAF4-4D8C-BD46-4855CD5ECF19}"
EndProject
Project("{FAE04EC0-301F-11D3-BF4B-00C04F79EFBC}") = "Dev_IPDirectory", "Dev_IPDirectory\Dev_IPDirectory.csproj", "{B9C363E2-3BEE-49EC-B099-37AC45D4268C}"
EndProject
Project("{FAE04EC0-301F-11D3-BF4B-00C04F79EFBC}") = "Lib_Calendar", "Lib_Calendar\Lib_Calendar.csproj", "{F543FC33-8EB2-4F9A-97DD-F2FD7D4A4E9A}"
EndProject
Project("{2150E333-8FDC-42A3-9474-1A3956D46DE8}") = "Scratch", "Scratch", "{8DC18A99-5295-4255-9F33-59A8311DB491}"
EndProject
Project("{FAE04EC0-301F-11D3-BF4B-00C04F79EFBC}") = "Dev_Calendar", "Dev_Calendar\Dev_Calendar.csproj", "{72CFBE51-14C3-4489-8D98-1DC197F02B8C}"
EndProject
Project("{FAE04EC0-301F-11D3-BF4B-00C04F79EFBC}") = "Dev_IPFile_City", "Dev_IPFile_City\Dev_IPFile_City.csproj", "{8B96058F-C381-486E-8F1D-D0A59D9CD83C}"
EndProject
Project("{FAE04EC0-301F-11D3-BF4B-00C04F79EFBC}") = "Scratch_Char18", "Scratch_Char18\Scratch_Char18.csproj", "{5333E054-AA31-4C06-8905-AC12F2DADDE0}"
EndProject
Project("{FAE04EC0-301F-11D3-BF4B-00C04F79EFBC}") = "Dev_IPPage_Month", "Dev_IPPage_Month\Dev_IPPage_Month.csproj", "{0F2D443E-022E-4C76-9F51-A25A69AD7217}"
EndProject
Project("{FAE04EC0-301F-11D3-BF4B-00C04F79EFBC}") = "Dev_Singleton", "Dev_Singleton\Dev_Singleton.csproj", "{AD09291A-6AF0-499D-9F3B-FC02BC2943B6}"
EndProject
Project("{FAE04EC0-301F-11D3-BF4B-00C04F79EFBC}") = "Dev_IPOPLine_Times", "Dev_IPOPLine_Times\Dev_IPOPLine_Times.csproj", "{15BCBDBB-FC49-467F-80B5-2F8921018E06}"
EndProject
Global
	GlobalSection(SolutionConfigurationPlatforms) = preSolution
		Debug|Any CPU = Debug|Any CPU
		Release|Any CPU = Release|Any CPU
	EndGlobalSection
	GlobalSection(ProjectConfigurationPlatforms) = postSolution
		{B9C363E2-3BEE-49EC-B099-37AC45D4268C}.Debug|Any CPU.ActiveCfg = Debug|Any CPU
		{B9C363E2-3BEE-49EC-B099-37AC45D4268C}.Debug|Any CPU.Build.0 = Debug|Any CPU
		{B9C363E2-3BEE-49EC-B099-37AC45D4268C}.Release|Any CPU.ActiveCfg = Release|Any CPU
		{B9C363E2-3BEE-49EC-B099-37AC45D4268C}.Release|Any CPU.Build.0 = Release|Any CPU
		{F543FC33-8EB2-4F9A-97DD-F2FD7D4A4E9A}.Debug|Any CPU.ActiveCfg = Debug|Any CPU
		{F543FC33-8EB2-4F9A-97DD-F2FD7D4A4E9A}.Debug|Any CPU.Build.0 = Debug|Any CPU
		{F543FC33-8EB2-4F9A-97DD-F2FD7D4A4E9A}.Release|Any CPU.ActiveCfg = Release|Any CPU
		{F543FC33-8EB2-4F9A-97DD-F2FD7D4A4E9A}.Release|Any CPU.Build.0 = Release|Any CPU
		{72CFBE51-14C3-4489-8D98-1DC197F02B8C}.Debug|Any CPU.ActiveCfg = Debug|Any CPU
		{72CFBE51-14C3-4489-8D98-1DC197F02B8C}.Debug|Any CPU.Build.0 = Debug|Any CPU
		{72CFBE51-14C3-4489-8D98-1DC197F02B8C}.Release|Any CPU.ActiveCfg = Release|Any CPU
		{72CFBE51-14C3-4489-8D98-1DC197F02B8C}.Release|Any CPU.Build.0 = Release|Any CPU
		{8B96058F-C381-486E-8F1D-D0A59D9CD83C}.Debug|Any CPU.ActiveCfg = Debug|Any CPU
		{8B96058F-C381-486E-8F1D-D0A59D9CD83C}.Debug|Any CPU.Build.0 = Debug|Any CPU
		{8B96058F-C381-486E-8F1D-D0A59D9CD83C}.Release|Any CPU.ActiveCfg = Release|Any CPU
		{8B96058F-C381-486E-8F1D-D0A59D9CD83C}.Release|Any CPU.Build.0 = Release|Any CPU
		{5333E054-AA31-4C06-8905-AC12F2DADDE0}.Debug|Any CPU.ActiveCfg = Debug|Any CPU
		{5333E054-AA31-4C06-8905-AC12F2DADDE0}.Debug|Any CPU.Build.0 = Debug|Any CPU
		{5333E054-AA31-4C06-8905-AC12F2DADDE0}.Release|Any CPU.ActiveCfg = Release|Any CPU
		{5333E054-AA31-4C06-8905-AC12F2DADDE0}.Release|Any CPU.Build.0 = Release|Any CPU
		{0F2D443E-022E-4C76-9F51-A25A69AD7217}.Debug|Any CPU.ActiveCfg = Debug|Any CPU
		{0F2D443E-022E-4C76-9F51-A25A69AD7217}.Debug|Any CPU.Build.0 = Debug|Any CPU
		{0F2D443E-022E-4C76-9F51-A25A69AD7217}.Release|Any CPU.ActiveCfg = Release|Any CPU
		{0F2D443E-022E-4C76-9F51-A25A69AD7217}.Release|Any CPU.Build.0 = Release|Any CPU
		{AD09291A-6AF0-499D-9F3B-FC02BC2943B6}.Debug|Any CPU.ActiveCfg = Debug|Any CPU
		{AD09291A-6AF0-499D-9F3B-FC02BC2943B6}.Debug|Any CPU.Build.0 = Debug|Any CPU
		{AD09291A-6AF0-499D-9F3B-FC02BC2943B6}.Release|Any CPU.ActiveCfg = Release|Any CPU
		{AD09291A-6AF0-499D-9F3B-FC02BC2943B6}.Release|Any CPU.Build.0 = Release|Any CPU
		{15BCBDBB-FC49-467F-80B5-2F8921018E06}.Debug|Any CPU.ActiveCfg = Debug|Any CPU
		{15BCBDBB-FC49-467F-80B5-2F8921018E06}.Debug|Any CPU.Build.0 = Debug|Any CPU
		{15BCBDBB-FC49-467F-80B5-2F8921018E06}.Release|Any CPU.ActiveCfg = Release|Any CPU
		{15BCBDBB-FC49-467F-80B5-2F8921018E06}.Release|Any CPU.Build.0 = Release|Any CPU
	EndGlobalSection
	GlobalSection(SolutionProperties) = preSolution
		HideSolutionNode = FALSE
	EndGlobalSection
	GlobalSection(NestedProjects) = preSolution
		{B9C363E2-3BEE-49EC-B099-37AC45D4268C} = {1B109B97-AAF4-4D8C-BD46-4855CD5ECF19}
		{F543FC33-8EB2-4F9A-97DD-F2FD7D4A4E9A} = {A1C929A9-068F-4B2D-89C8-7788E070C84C}
		{72CFBE51-14C3-4489-8D98-1DC197F02B8C} = {1B109B97-AAF4-4D8C-BD46-4855CD5ECF19}
		{8B96058F-C381-486E-8F1D-D0A59D9CD83C} = {1B109B97-AAF4-4D8C-BD46-4855CD5ECF19}
		{5333E054-AA31-4C06-8905-AC12F2DADDE0} = {8DC18A99-5295-4255-9F33-59A8311DB491}
		{0F2D443E-022E-4C76-9F51-A25A69AD7217} = {1B109B97-AAF4-4D8C-BD46-4855CD5ECF19}
		{AD09291A-6AF0-499D-9F3B-FC02BC2943B6} = {1B109B97-AAF4-4D8C-BD46-4855CD5ECF19}
		{15BCBDBB-FC49-467F-80B5-2F8921018E06} = {1B109B97-AAF4-4D8C-BD46-4855CD5ECF19}
	EndGlobalSection
	GlobalSection(ExtensibilityGlobals) = postSolution
		SolutionGuid = {4DB3329F-55E2-418D-8746-E6598A40561E}
	EndGlobalSection
EndGlobal
